
Microsoft Visual Studio Solution File, Format Version 12.00
# Visual Studio 15
VisualStudioVersion = 15.0.28010.2046
MinimumVisualStudioVersion = 10.0.40219.1
Project("{FAE04EC0-301F-11D3-BF4B-00C04F79EFBC}") = "wpfBasics", "wpfBasics\wpfBasics.csproj", "{E5D54578-E9CE-431F-B4A9-1BCF1EEC47D4}"
EndProject
Global
	GlobalSection(SolutionConfigurationPlatforms) = preSolution
		Debug|Any CPU = Debug|Any CPU
		Release|Any CPU = Release|Any CPU
	EndGlobalSection
	GlobalSection(ProjectConfigurationPlatforms) = postSolution
		{E5D54578-E9CE-431F-B4A9-1BCF1EEC47D4}.Debug|Any CPU.ActiveCfg = Debug|Any CPU
		{E5D54578-E9CE-431F-B4A9-1BCF1EEC47D4}.Debug|Any CPU.Build.0 = Debug|Any CPU
		{E5D54578-E9CE-431F-B4A9-1BCF1EEC47D4}.Release|Any CPU.ActiveCfg = Release|Any CPU
		{E5D54578-E9CE-431F-B4A9-1BCF1EEC47D4}.Release|Any CPU.Build.0 = Release|Any CPU
	EndGlobalSection
	GlobalSection(SolutionProperties) = preSolution
		HideSolutionNode = FALSE
	EndGlobalSection
	GlobalSection(ExtensibilityGlobals) = postSolution
		SolutionGuid = {9E9974D0-8B33-4BA9-9690-659E22A25B2C}
	EndGlobalSection
EndGlobal
